
Microsoft Visual Studio Solution File, Format Version 12.00
# Visual Studio Version 17
VisualStudioVersion = 17.4.33110.190
MinimumVisualStudioVersion = 10.0.40219.1
Project("{FAE04EC0-301F-11D3-BF4B-00C04F79EFBC}") = "H4ApiConnectionTest", "H4ApiConnectionTest\H4ApiConnectionTest.csproj", "{081E52FF-74B4-4A46-8734-E2F4FF36C94E}"
EndProject
Global
	GlobalSection(SolutionConfigurationPlatforms) = preSolution
		Debug|Any CPU = Debug|Any CPU
		Release|Any CPU = Release|Any CPU
	EndGlobalSection
	GlobalSection(ProjectConfigurationPlatforms) = postSolution
		{081E52FF-74B4-4A46-8734-E2F4FF36C94E}.Debug|Any CPU.ActiveCfg = Debug|Any CPU
		{081E52FF-74B4-4A46-8734-E2F4FF36C94E}.Debug|Any CPU.Build.0 = Debug|Any CPU
		{081E52FF-74B4-4A46-8734-E2F4FF36C94E}.Release|Any CPU.ActiveCfg = Release|Any CPU
		{081E52FF-74B4-4A46-8734-E2F4FF36C94E}.Release|Any CPU.Build.0 = Release|Any CPU
	EndGlobalSection
	GlobalSection(SolutionProperties) = preSolution
		HideSolutionNode = FALSE
	EndGlobalSection
	GlobalSection(ExtensibilityGlobals) = postSolution
		SolutionGuid = {813AAAB3-2DC9-48BF-A475-1B5DC29C6751}
	EndGlobalSection
EndGlobal
